
Microsoft Visual Studio Solution File, Format Version 12.00
# Visual Studio Version 17
VisualStudioVersion = 17.4.33213.308
MinimumVisualStudioVersion = 10.0.40219.1
Project("{9A19103F-16F7-4668-BE54-9A1E7A4F7556}") = "Proyecto_De_Listas", "ConsoleApp1\Proyecto_De_Listas.csproj", "{0486FE2A-1643-411E-8DEC-C65D6341AEFF}"
EndProject
Global
	GlobalSection(SolutionConfigurationPlatforms) = preSolution
		Debug|Any CPU = Debug|Any CPU
		Release|Any CPU = Release|Any CPU
	EndGlobalSection
	GlobalSection(ProjectConfigurationPlatforms) = postSolution
		{0486FE2A-1643-411E-8DEC-C65D6341AEFF}.Debug|Any CPU.ActiveCfg = Debug|Any CPU
		{0486FE2A-1643-411E-8DEC-C65D6341AEFF}.Debug|Any CPU.Build.0 = Debug|Any CPU
		{0486FE2A-1643-411E-8DEC-C65D6341AEFF}.Release|Any CPU.ActiveCfg = Release|Any CPU
		{0486FE2A-1643-411E-8DEC-C65D6341AEFF}.Release|Any CPU.Build.0 = Release|Any CPU
	EndGlobalSection
	GlobalSection(SolutionProperties) = preSolution
		HideSolutionNode = FALSE
	EndGlobalSection
	GlobalSection(ExtensibilityGlobals) = postSolution
		SolutionGuid = {54E4C1E4-B1AD-4842-863E-BA555012E1AC}
	EndGlobalSection
EndGlobal
